Microsoft Visual Studio Solution File, Format Version 12.00
# Visual Studio Version 17
VisualStudioVersion = 17.5.2.0
MinimumVisualStudioVersion = 10.0.40219.1
Project("{FAE04EC0-301F-11D3-BF4B-00C04F79EFBC}") = "MainProject", "MainProject.csproj", "{16DDD9FD-0B72-549E-5576-59C95E411F70}"
EndProject
Global
	GlobalSection(SolutionConfigurationPlatforms) = preSolution
		Debug|Any CPU = Debug|Any CPU
		Release|Any CPU = Release|Any CPU
	EndGlobalSection
	GlobalSection(ProjectConfigurationPlatforms) = postSolution
		{16DDD9FD-0B72-549E-5576-59C95E411F70}.Debug|Any CPU.ActiveCfg = Debug|Any CPU
		{16DDD9FD-0B72-549E-5576-59C95E411F70}.Debug|Any CPU.Build.0 = Debug|Any CPU
		{16DDD9FD-0B72-549E-5576-59C95E411F70}.Release|Any CPU.ActiveCfg = Release|Any CPU
		{16DDD9FD-0B72-549E-5576-59C95E411F70}.Release|Any CPU.Build.0 = Release|Any CPU
	EndGlobalSection
	GlobalSection(SolutionProperties) = preSolution
		HideSolutionNode = FALSE
	EndGlobalSection
	GlobalSection(ExtensibilityGlobals) = postSolution
		SolutionGuid = {CABD0927-5D3D-40A1-BB7C-8A3B98E576C1}
	EndGlobalSection
EndGlobal
